
Microsoft Visual Studio Solution File, Format Version 12.00
# Visual Studio Version 16
VisualStudioVersion = 16.0.31424.327
MinimumVisualStudioVersion = 10.0.40219.1
Project("{FAE04EC0-301F-11D3-BF4B-00C04F79EFBC}") = "PopulationAnalyzer", "PopulationAnalyzer.csproj", "{DEBA260D-E0C1-4FEC-8F16-920ED9D926D1}"
EndProject
Global
	GlobalSection(SolutionConfigurationPlatforms) = preSolution
		Debug|Any CPU = Debug|Any CPU
		Release|Any CPU = Release|Any CPU
	EndGlobalSection
	GlobalSection(ProjectConfigurationPlatforms) = postSolution
		{DEBA260D-E0C1-4FEC-8F16-920ED9D926D1}.Debug|Any CPU.ActiveCfg = Debug|Any CPU
		{DEBA260D-E0C1-4FEC-8F16-920ED9D926D1}.Debug|Any CPU.Build.0 = Debug|Any CPU
		{DEBA260D-E0C1-4FEC-8F16-920ED9D926D1}.Release|Any CPU.ActiveCfg = Release|Any CPU
		{DEBA260D-E0C1-4FEC-8F16-920ED9D926D1}.Release|Any CPU.Build.0 = Release|Any CPU
	EndGlobalSection
	GlobalSection(SolutionProperties) = preSolution
		HideSolutionNode = FALSE
	EndGlobalSection
	GlobalSection(ExtensibilityGlobals) = postSolution
		SolutionGuid = {652AA10B-D2B9-4285-A9B2-32707BE19993}
	EndGlobalSection
EndGlobal
